<Solution>
  <Configurations>
    <BuildType Name="Debug" />
    <BuildType Name="ExportDebug" />
    <BuildType Name="ExportRelease" />
  </Configurations>
  <Project Path="MarsGridVisualizer.csproj" />
  <Project Path="Tests/Tests.csproj">
    <BuildType Project="Debug" />
  </Project>
</Solution>
